
Microsoft Visual Studio Solution File, Format Version 12.00
# Visual Studio Version 16
VisualStudioVersion = 16.0.30804.86
MinimumVisualStudioVersion = 10.0.40219.1
Project("{888888A0-9F3D-457C-B088-3A5042F75D52}") = "WebProject2", "WebProject2\WebProject2.pyproj", "{6441B397-4BAF-46C5-9DFA-BD144BFCC19A}"
EndProject
Global
	GlobalSection(SolutionConfigurationPlatforms) = preSolution
		Debug|Any CPU = Debug|Any CPU
		Release|Any CPU = Release|Any CPU
	EndGlobalSection
	GlobalSection(ProjectConfigurationPlatforms) = postSolution
		{6441B397-4BAF-46C5-9DFA-BD144BFCC19A}.Debug|Any CPU.ActiveCfg = Debug|Any CPU
		{6441B397-4BAF-46C5-9DFA-BD144BFCC19A}.Debug|Any CPU.Build.0 = Debug|Any CPU
		{6441B397-4BAF-46C5-9DFA-BD144BFCC19A}.Release|Any CPU.ActiveCfg = Release|Any CPU
		{6441B397-4BAF-46C5-9DFA-BD144BFCC19A}.Release|Any CPU.Build.0 = Release|Any CPU
	EndGlobalSection
	GlobalSection(SolutionProperties) = preSolution
		HideSolutionNode = FALSE
	EndGlobalSection
	GlobalSection(ExtensibilityGlobals) = postSolution
		SolutionGuid = {8188411D-7333-4ADE-B54B-2A153BEC0AE4}
	EndGlobalSection
EndGlobal
